
Microsoft Visual Studio Solution File, Format Version 12.00
# Visual Studio Version 17
VisualStudioVersion = 17.7.34031.279
MinimumVisualStudioVersion = 10.0.40219.1
Project("{FAE04EC0-301F-11D3-BF4B-00C04F79EFBC}") = "bcsf20a039", "bcsf20a039.csproj", "{F82FDA8C-7356-4D80-8E62-4DC5851FADC1}"
EndProject
Global
	GlobalSection(SolutionConfigurationPlatforms) = preSolution
		Debug|Any CPU = Debug|Any CPU
		Release|Any CPU = Release|Any CPU
	EndGlobalSection
	GlobalSection(ProjectConfigurationPlatforms) = postSolution
		{F82FDA8C-7356-4D80-8E62-4DC5851FADC1}.Debug|Any CPU.ActiveCfg = Debug|Any CPU
		{F82FDA8C-7356-4D80-8E62-4DC5851FADC1}.Debug|Any CPU.Build.0 = Debug|Any CPU
		{F82FDA8C-7356-4D80-8E62-4DC5851FADC1}.Release|Any CPU.ActiveCfg = Release|Any CPU
		{F82FDA8C-7356-4D80-8E62-4DC5851FADC1}.Release|Any CPU.Build.0 = Release|Any CPU
	EndGlobalSection
	GlobalSection(SolutionProperties) = preSolution
		HideSolutionNode = FALSE
	EndGlobalSection
	GlobalSection(ExtensibilityGlobals) = postSolution
		SolutionGuid = {CE689060-0B72-4529-B474-768CB0FA7834}
	EndGlobalSection
EndGlobal
